<?xml version="1.0" encoding="utf-8"?>
<Project ToolsVersion="4.0" xmlns="http://schemas.microsoft.com/developer/msbuild/2003">
  <ItemGroup>
    <ClCompile Include="src\uvlua.c">
      <Filter>源文件</Filter>
    </ClCompile>
    <ClCompile Include="src\automem.c">
      <Filter>源文件</Filter>
    </ClCompile>
    <ClCompile Include="src\minheap.c">
      <Filter>源文件</Filter>
    </ClCompile>
    <ClCompile Include="src\tcpserver.c">
      <Filter>源文件</Filter>
    </ClCompile>
    <ClCompile Include="src\timer.c">
      <Filter>源文件</Filter>
    </ClCompile>
    <ClCompile Include="src\utils.c">
      <Filter>源文件</Filter>
    </ClCompile>
    <ClCompile Include="src\lua-decoder.c">
      <Filter>源文件\解码器</Filter>
    </ClCompile>
    <ClCompile Include="src\tcpclient.c">
      <Filter>源文件</Filter>
    </ClCompile>
  </ItemGroup>
  <ItemGroup>
    <ClInclude Include="src\automem.h">
      <Filter>头文件</Filter>
    </ClInclude>
    <ClInclude Include="src\minheap.h">
      <Filter>头文件</Filter>
    </ClInclude>
    <ClInclude Include="src\tcpserver.h">
      <Filter>头文件</Filter>
    </ClInclude>
    <ClInclude Include="src\timer.h">
      <Filter>头文件</Filter>
    </ClInclude>
    <ClInclude Include="src\utils.h">
      <Filter>头文件</Filter>
    </ClInclude>
    <ClInclude Include="src\lua-decoder.h">
      <Filter>头文件</Filter>
    </ClInclude>
    <ClInclude Include="src\tcpclient.h">
      <Filter>头文件</Filter>
    </ClInclude>
  </ItemGroup>
  <ItemGroup>
    <None Include="src\uvlua.def" />
  </ItemGroup>
  <ItemGroup>
    <Filter Include="头文件">
      <UniqueIdentifier>{33195f1a-8606-4b8a-9b85-9c309e605d4f}</UniqueIdentifier>
    </Filter>
    <Filter Include="源文件">
      <UniqueIdentifier>{233f4216-beb7-46da-bcc9-d1cdef6ab753}</UniqueIdentifier>
    </Filter>
    <Filter Include="源文件\解码器">
      <UniqueIdentifier>{8e372401-1e4d-41f7-a714-a8e089c85393}</UniqueIdentifier>
    </Filter>
  </ItemGroup>
</Project>